
Microsoft Visual Studio Solution File, Format Version 12.00
# Visual Studio Version 16
VisualStudioVersion = 16.0.30413.136
MinimumVisualStudioVersion = 10.0.40219.1
Project("{9A19103F-16F7-4668-BE54-9A1E7A4F7556}") = "Cake.BenchmarkDotNet", "Cake.BenchmarkDotNet\Cake.BenchmarkDotNet.csproj", "{F50A1EDD-F898-461A-BEBE-11E0DE428642}"
EndProject
Project("{FAE04EC0-301F-11D3-BF4B-00C04F79EFBC}") = "Cake.BenchmarkDotnet.Tests", "Cake.BenchmarkDotnet.Tests\Cake.BenchmarkDotnet.Tests.csproj", "{5A8D4D93-6BB5-4A8E-8E88-36882FFAD121}"
EndProject
Global
	GlobalSection(SolutionConfigurationPlatforms) = preSolution
		Debug|Any CPU = Debug|Any CPU
		Release|Any CPU = Release|Any CPU
	EndGlobalSection
	GlobalSection(ProjectConfigurationPlatforms) = postSolution
		{F50A1EDD-F898-461A-BEBE-11E0DE428642}.Debug|Any CPU.ActiveCfg = Debug|Any CPU
		{F50A1EDD-F898-461A-BEBE-11E0DE428642}.Debug|Any CPU.Build.0 = Debug|Any CPU
		{F50A1EDD-F898-461A-BEBE-11E0DE428642}.Release|Any CPU.ActiveCfg = Release|Any CPU
		{F50A1EDD-F898-461A-BEBE-11E0DE428642}.Release|Any CPU.Build.0 = Release|Any CPU
		{5A8D4D93-6BB5-4A8E-8E88-36882FFAD121}.Debug|Any CPU.ActiveCfg = Debug|Any CPU
		{5A8D4D93-6BB5-4A8E-8E88-36882FFAD121}.Debug|Any CPU.Build.0 = Debug|Any CPU
		{5A8D4D93-6BB5-4A8E-8E88-36882FFAD121}.Release|Any CPU.ActiveCfg = Release|Any CPU
		{5A8D4D93-6BB5-4A8E-8E88-36882FFAD121}.Release|Any CPU.Build.0 = Release|Any CPU
	EndGlobalSection
	GlobalSection(SolutionProperties) = preSolution
		HideSolutionNode = FALSE
	EndGlobalSection
	GlobalSection(ExtensibilityGlobals) = postSolution
		SolutionGuid = {522538BE-110D-4195-87A6-768E1FBD1B0B}
	EndGlobalSection
EndGlobal
